
Microsoft Visual Studio Solution File, Format Version 12.00
# Visual Studio Version 17
VisualStudioVersion = 17.8.34316.72
MinimumVisualStudioVersion = 10.0.40219.1
Project("{9A19103F-16F7-4668-BE54-9A1E7A4F7556}") = "WinFormsEx", "WinFormsEx.csproj", "{4C6F3032-25CE-4875-9453-67FE9DED0384}"
EndProject
Project("{2150E333-8FDC-42A3-9474-1A3956D46DE8}") = "솔루션 항목", "솔루션 항목", "{17E1F538-C639-470E-8CD8-289A2771F1DE}"
EndProject
Global
	GlobalSection(SolutionConfigurationPlatforms) = preSolution
		Debug|Any CPU = Debug|Any CPU
		Release|Any CPU = Release|Any CPU
	EndGlobalSection
	GlobalSection(ProjectConfigurationPlatforms) = postSolution
		{4C6F3032-25CE-4875-9453-67FE9DED0384}.Debug|Any CPU.ActiveCfg = Debug|Any CPU
		{4C6F3032-25CE-4875-9453-67FE9DED0384}.Debug|Any CPU.Build.0 = Debug|Any CPU
		{4C6F3032-25CE-4875-9453-67FE9DED0384}.Release|Any CPU.ActiveCfg = Release|Any CPU
		{4C6F3032-25CE-4875-9453-67FE9DED0384}.Release|Any CPU.Build.0 = Release|Any CPU
	EndGlobalSection
	GlobalSection(SolutionProperties) = preSolution
		HideSolutionNode = FALSE
	EndGlobalSection
	GlobalSection(ExtensibilityGlobals) = postSolution
		SolutionGuid = {B8E380E0-DC08-4381-AA2F-EC30105314DD}
	EndGlobalSection
EndGlobal
